
Microsoft Visual Studio Solution File, Format Version 12.00
# Visual Studio Version 17
VisualStudioVersion = 17.5.002.0
MinimumVisualStudioVersion = 10.0.40219.1
Project("{9A19103F-16F7-4668-BE54-9A1E7A4F7556}") = "BT_CodyGym_GU1-W06", "BT_CodyGym_GU1-W06.csproj", "{76770306-6992-4F65-B82F-C3D3905A2B11}"
EndProject
Global
	GlobalSection(SolutionConfigurationPlatforms) = preSolution
		Debug|Any CPU = Debug|Any CPU
		Release|Any CPU = Release|Any CPU
	EndGlobalSection
	GlobalSection(ProjectConfigurationPlatforms) = postSolution
		{76770306-6992-4F65-B82F-C3D3905A2B11}.Debug|Any CPU.ActiveCfg = Debug|Any CPU
		{76770306-6992-4F65-B82F-C3D3905A2B11}.Debug|Any CPU.Build.0 = Debug|Any CPU
		{76770306-6992-4F65-B82F-C3D3905A2B11}.Release|Any CPU.ActiveCfg = Release|Any CPU
		{76770306-6992-4F65-B82F-C3D3905A2B11}.Release|Any CPU.Build.0 = Release|Any CPU
	EndGlobalSection
	GlobalSection(SolutionProperties) = preSolution
		HideSolutionNode = FALSE
	EndGlobalSection
	GlobalSection(ExtensibilityGlobals) = postSolution
		SolutionGuid = {83B242A4-BCBF-4E09-99BF-914DC744E14D}
	EndGlobalSection
EndGlobal
